
Microsoft Visual Studio Solution File, Format Version 12.00
# Visual Studio Version 16
VisualStudioVersion = 16.0.32228.343
MinimumVisualStudioVersion = 10.0.40219.1
Project("{FAE04EC0-301F-11D3-BF4B-00C04F79EFBC}") = "dir", "dir\dir.csproj", "{9A51E680-4C70-45C2-A593-74213ABDF872}"
EndProject
Project("{FAE04EC0-301F-11D3-BF4B-00C04F79EFBC}") = "New+CW", "New+CW\New+CW.csproj", "{F56FF058-4A3B-4AA3-8191-EF67851A6E64}"
EndProject
Global
	GlobalSection(SolutionConfigurationPlatforms) = preSolution
		Debug|Any CPU = Debug|Any CPU
		Release|Any CPU = Release|Any CPU
	EndGlobalSection
	GlobalSection(ProjectConfigurationPlatforms) = postSolution
		{9A51E680-4C70-45C2-A593-74213ABDF872}.Debug|Any CPU.ActiveCfg = Debug|Any CPU
		{9A51E680-4C70-45C2-A593-74213ABDF872}.Debug|Any CPU.Build.0 = Debug|Any CPU
		{9A51E680-4C70-45C2-A593-74213ABDF872}.Release|Any CPU.ActiveCfg = Release|Any CPU
		{9A51E680-4C70-45C2-A593-74213ABDF872}.Release|Any CPU.Build.0 = Release|Any CPU
		{F56FF058-4A3B-4AA3-8191-EF67851A6E64}.Debug|Any CPU.ActiveCfg = Debug|Any CPU
		{F56FF058-4A3B-4AA3-8191-EF67851A6E64}.Debug|Any CPU.Build.0 = Debug|Any CPU
		{F56FF058-4A3B-4AA3-8191-EF67851A6E64}.Release|Any CPU.ActiveCfg = Release|Any CPU
		{F56FF058-4A3B-4AA3-8191-EF67851A6E64}.Release|Any CPU.Build.0 = Release|Any CPU
	EndGlobalSection
	GlobalSection(SolutionProperties) = preSolution
		HideSolutionNode = FALSE
	EndGlobalSection
	GlobalSection(ExtensibilityGlobals) = postSolution
		SolutionGuid = {A9B0671A-9BFA-4ECC-B16A-F9C92380677B}
	EndGlobalSection
EndGlobal
