
Microsoft Visual Studio Solution File, Format Version 12.00
# Visual Studio Version 16
VisualStudioVersion = 16.0.32228.343
MinimumVisualStudioVersion = 10.0.40219.1
Project("{FAE04EC0-301F-11D3-BF4B-00C04F79EFBC}") = "CW_17.04", "CW_17.04\CW_17.04.csproj", "{004DAE25-8832-4C71-A90D-83EA80C0D662}"
EndProject
Project("{FAE04EC0-301F-11D3-BF4B-00C04F79EFBC}") = "CW_Inhertion", "CW_Inhertion\CW_Inhertion.csproj", "{A833A133-A906-434A-A69F-8F64926C945D}"
EndProject
Project("{FAE04EC0-301F-11D3-BF4B-00C04F79EFBC}") = "Using_Inher", "Using_Inher\Using_Inher.csproj", "{35E4831F-90AB-4198-B3DC-5D2A5F9AA802}"
EndProject
Global
	GlobalSection(SolutionConfigurationPlatforms) = preSolution
		Debug|Any CPU = Debug|Any CPU
		Release|Any CPU = Release|Any CPU
	EndGlobalSection
	GlobalSection(ProjectConfigurationPlatforms) = postSolution
		{004DAE25-8832-4C71-A90D-83EA80C0D662}.Debug|Any CPU.ActiveCfg = Debug|Any CPU
		{004DAE25-8832-4C71-A90D-83EA80C0D662}.Debug|Any CPU.Build.0 = Debug|Any CPU
		{004DAE25-8832-4C71-A90D-83EA80C0D662}.Release|Any CPU.ActiveCfg = Release|Any CPU
		{004DAE25-8832-4C71-A90D-83EA80C0D662}.Release|Any CPU.Build.0 = Release|Any CPU
		{A833A133-A906-434A-A69F-8F64926C945D}.Debug|Any CPU.ActiveCfg = Debug|Any CPU
		{A833A133-A906-434A-A69F-8F64926C945D}.Debug|Any CPU.Build.0 = Debug|Any CPU
		{A833A133-A906-434A-A69F-8F64926C945D}.Release|Any CPU.ActiveCfg = Release|Any CPU
		{A833A133-A906-434A-A69F-8F64926C945D}.Release|Any CPU.Build.0 = Release|Any CPU
		{35E4831F-90AB-4198-B3DC-5D2A5F9AA802}.Debug|Any CPU.ActiveCfg = Debug|Any CPU
		{35E4831F-90AB-4198-B3DC-5D2A5F9AA802}.Debug|Any CPU.Build.0 = Debug|Any CPU
		{35E4831F-90AB-4198-B3DC-5D2A5F9AA802}.Release|Any CPU.ActiveCfg = Release|Any CPU
		{35E4831F-90AB-4198-B3DC-5D2A5F9AA802}.Release|Any CPU.Build.0 = Release|Any CPU
	EndGlobalSection
	GlobalSection(SolutionProperties) = preSolution
		HideSolutionNode = FALSE
	EndGlobalSection
	GlobalSection(ExtensibilityGlobals) = postSolution
		SolutionGuid = {8BEA4E00-844C-4CAA-9CA5-59AAA9521018}
	EndGlobalSection
EndGlobal
